Microsoft Visual Studio Solution File, Format Version 12.00
# Visual Studio Version 17
VisualStudioVersion = 17.10.34916.146
MinimumVisualStudioVersion = 10.0.40219.1
Project("{9A19103F-16F7-4668-BE54-9A1E7A4F7556}") = "nina.pegasus_flat", "nina.pegasus_flat.csproj", "{10BD00ED-0959-488D-8240-FA273CFC094F}"
EndProject
Project("{9A19103F-16F7-4668-BE54-9A1E7A4F7556}") = "NINA", "..\..\..\Documents\repositories\nina\NINA\NINA.csproj", "{CE6F2054-3222-45DD-B4CA-63A70F99DD7D}"
EndProject
Project("{9A19103F-16F7-4668-BE54-9A1E7A4F7556}") = "NINA.Equipment", "..\..\..\Documents\repositories\nina\NINA.Equipment\NINA.Equipment.csproj", "{DD80BD35-ABD7-408A-94F3-D487D1B163D3}"
EndProject
Global
	GlobalSection(SolutionConfigurationPlatforms) = preSolution
		Debug|Any CPU = Debug|Any CPU
		Debug|x64 = Debug|x64
		Release|Any CPU = Release|Any CPU
		Release|x64 = Release|x64
		SignedRelease|Any CPU = SignedRelease|Any CPU
		SignedRelease|x64 = SignedRelease|x64
	EndGlobalSection
	GlobalSection(ProjectConfigurationPlatforms) = postSolution
		{10BD00ED-0959-488D-8240-FA273CFC094F}.Debug|Any CPU.ActiveCfg = Debug|Any CPU
		{10BD00ED-0959-488D-8240-FA273CFC094F}.Debug|Any CPU.Build.0 = Debug|Any CPU
		{10BD00ED-0959-488D-8240-FA273CFC094F}.Debug|x64.ActiveCfg = Debug|x64
		{10BD00ED-0959-488D-8240-FA273CFC094F}.Debug|x64.Build.0 = Debug|x64
		{10BD00ED-0959-488D-8240-FA273CFC094F}.Release|Any CPU.ActiveCfg = Release|Any CPU
		{10BD00ED-0959-488D-8240-FA273CFC094F}.Release|Any CPU.Build.0 = Release|Any CPU
		{10BD00ED-0959-488D-8240-FA273CFC094F}.Release|x64.ActiveCfg = Release|x64
		{10BD00ED-0959-488D-8240-FA273CFC094F}.Release|x64.Build.0 = Release|x64
		{10BD00ED-0959-488D-8240-FA273CFC094F}.SignedRelease|Any CPU.ActiveCfg = Release|Any CPU
		{10BD00ED-0959-488D-8240-FA273CFC094F}.SignedRelease|Any CPU.Build.0 = Release|Any CPU
		{10BD00ED-0959-488D-8240-FA273CFC094F}.SignedRelease|x64.ActiveCfg = Release|x64
		{10BD00ED-0959-488D-8240-FA273CFC094F}.SignedRelease|x64.Build.0 = Release|x64
		{CE6F2054-3222-45DD-B4CA-63A70F99DD7D}.Debug|Any CPU.ActiveCfg = Debug|Any CPU
		{CE6F2054-3222-45DD-B4CA-63A70F99DD7D}.Debug|Any CPU.Build.0 = Debug|Any CPU
		{CE6F2054-3222-45DD-B4CA-63A70F99DD7D}.Debug|x64.ActiveCfg = Debug|Any CPU
		{CE6F2054-3222-45DD-B4CA-63A70F99DD7D}.Debug|x64.Build.0 = Debug|Any CPU
		{CE6F2054-3222-45DD-B4CA-63A70F99DD7D}.Release|Any CPU.ActiveCfg = Release|Any CPU
		{CE6F2054-3222-45DD-B4CA-63A70F99DD7D}.Release|Any CPU.Build.0 = Release|Any CPU
		{CE6F2054-3222-45DD-B4CA-63A70F99DD7D}.Release|x64.ActiveCfg = Release|Any CPU
		{CE6F2054-3222-45DD-B4CA-63A70F99DD7D}.Release|x64.Build.0 = Release|Any CPU
		{CE6F2054-3222-45DD-B4CA-63A70F99DD7D}.SignedRelease|Any CPU.ActiveCfg = SignedRelease|Any CPU
		{CE6F2054-3222-45DD-B4CA-63A70F99DD7D}.SignedRelease|Any CPU.Build.0 = SignedRelease|Any CPU
		{CE6F2054-3222-45DD-B4CA-63A70F99DD7D}.SignedRelease|x64.ActiveCfg = SignedRelease|Any CPU
		{CE6F2054-3222-45DD-B4CA-63A70F99DD7D}.SignedRelease|x64.Build.0 = SignedRelease|Any CPU
		{DD80BD35-ABD7-408A-94F3-D487D1B163D3}.Debug|Any CPU.ActiveCfg = Debug|Any CPU
		{DD80BD35-ABD7-408A-94F3-D487D1B163D3}.Debug|Any CPU.Build.0 = Debug|Any CPU
		{DD80BD35-ABD7-408A-94F3-D487D1B163D3}.Debug|x64.ActiveCfg = Debug|Any CPU
		{DD80BD35-ABD7-408A-94F3-D487D1B163D3}.Debug|x64.Build.0 = Debug|Any CPU
		{DD80BD35-ABD7-408A-94F3-D487D1B163D3}.Release|Any CPU.ActiveCfg = Release|Any CPU
		{DD80BD35-ABD7-408A-94F3-D487D1B163D3}.Release|Any CPU.Build.0 = Release|Any CPU
		{DD80BD35-ABD7-408A-94F3-D487D1B163D3}.Release|x64.ActiveCfg = Release|Any CPU
		{DD80BD35-ABD7-408A-94F3-D487D1B163D3}.Release|x64.Build.0 = Release|Any CPU
		{DD80BD35-ABD7-408A-94F3-D487D1B163D3}.SignedRelease|Any CPU.ActiveCfg = SignedRelease|Any CPU
		{DD80BD35-ABD7-408A-94F3-D487D1B163D3}.SignedRelease|Any CPU.Build.0 = SignedRelease|Any CPU
		{DD80BD35-ABD7-408A-94F3-D487D1B163D3}.SignedRelease|x64.ActiveCfg = SignedRelease|Any CPU
		{DD80BD35-ABD7-408A-94F3-D487D1B163D3}.SignedRelease|x64.Build.0 = SignedRelease|Any CPU
	EndGlobalSection
	GlobalSection(SolutionProperties) = preSolution
		HideSolutionNode = FALSE
	EndGlobalSection
	GlobalSection(ExtensibilityGlobals) = postSolution
		SolutionGuid = {4C1A20D7-EC73-432A-B738-760AE81C04A1}
	EndGlobalSection
EndGlobal
